
Microsoft Visual Studio Solution File, Format Version 12.00
# Visual Studio Version 16
VisualStudioVersion = 16.0.31424.327
MinimumVisualStudioVersion = 10.0.40219.1
Project("{FAE04EC0-301F-11D3-BF4B-00C04F79EFBC}") = "Letter Loops", "Letter Loops\Letter Loops.csproj", "{22FB95F9-3810-4F7B-8028-ED029324FD0C}"
EndProject
Global
	GlobalSection(SolutionConfigurationPlatforms) = preSolution
		Debug|Any CPU = Debug|Any CPU
		Release|Any CPU = Release|Any CPU
	EndGlobalSection
	GlobalSection(ProjectConfigurationPlatforms) = postSolution
		{22FB95F9-3810-4F7B-8028-ED029324FD0C}.Debug|Any CPU.ActiveCfg = Debug|Any CPU
		{22FB95F9-3810-4F7B-8028-ED029324FD0C}.Debug|Any CPU.Build.0 = Debug|Any CPU
		{22FB95F9-3810-4F7B-8028-ED029324FD0C}.Release|Any CPU.ActiveCfg = Release|Any CPU
		{22FB95F9-3810-4F7B-8028-ED029324FD0C}.Release|Any CPU.Build.0 = Release|Any CPU
	EndGlobalSection
	GlobalSection(SolutionProperties) = preSolution
		HideSolutionNode = FALSE
	EndGlobalSection
	GlobalSection(ExtensibilityGlobals) = postSolution
		SolutionGuid = {076980BF-15E7-4645-B008-D2C8969DC637}
	EndGlobalSection
EndGlobal
